
Microsoft Visual Studio Solution File, Format Version 12.00
# Visual Studio Version 17
VisualStudioVersion = 17.11.35327.3
MinimumVisualStudioVersion = 10.0.40219.1
Project("{FAE04EC0-301F-11D3-BF4B-00C04F79EFBC}") = "L02P02-2023PA651-2022IV650", "L02P02-2023PA651-2022IV650\L02P02-2023PA651-2022IV650.csproj", "{6455085D-30F6-4C60-BB38-61343EA3E269}"
EndProject
Global
	GlobalSection(SolutionConfigurationPlatforms) = preSolution
		Debug|Any CPU = Debug|Any CPU
		Release|Any CPU = Release|Any CPU
	EndGlobalSection
	GlobalSection(ProjectConfigurationPlatforms) = postSolution
		{6455085D-30F6-4C60-BB38-61343EA3E269}.Debug|Any CPU.ActiveCfg = Debug|Any CPU
		{6455085D-30F6-4C60-BB38-61343EA3E269}.Debug|Any CPU.Build.0 = Debug|Any CPU
		{6455085D-30F6-4C60-BB38-61343EA3E269}.Release|Any CPU.ActiveCfg = Release|Any CPU
		{6455085D-30F6-4C60-BB38-61343EA3E269}.Release|Any CPU.Build.0 = Release|Any CPU
	EndGlobalSection
	GlobalSection(SolutionProperties) = preSolution
		HideSolutionNode = FALSE
	EndGlobalSection
	GlobalSection(ExtensibilityGlobals) = postSolution
		SolutionGuid = {68A70B73-B9D9-4B98-9E78-0BF53D75F92A}
	EndGlobalSection
EndGlobal
